
Microsoft Visual Studio Solution File, Format Version 12.00
# Visual Studio Version 17
VisualStudioVersion = 17.5.002.0
MinimumVisualStudioVersion = 10.0.40219.1
Project("{9A19103F-16F7-4668-BE54-9A1E7A4F7556}") = "lab 5", "lab 5.csproj", "{DD28581C-B287-46D4-8CAE-519B66E58434}"
EndProject
Global
	GlobalSection(SolutionConfigurationPlatforms) = preSolution
		Debug|Any CPU = Debug|Any CPU
		Release|Any CPU = Release|Any CPU
	EndGlobalSection
	GlobalSection(ProjectConfigurationPlatforms) = postSolution
		{DD28581C-B287-46D4-8CAE-519B66E58434}.Debug|Any CPU.ActiveCfg = Debug|Any CPU
		{DD28581C-B287-46D4-8CAE-519B66E58434}.Debug|Any CPU.Build.0 = Debug|Any CPU
		{DD28581C-B287-46D4-8CAE-519B66E58434}.Release|Any CPU.ActiveCfg = Release|Any CPU
		{DD28581C-B287-46D4-8CAE-519B66E58434}.Release|Any CPU.Build.0 = Release|Any CPU
	EndGlobalSection
	GlobalSection(SolutionProperties) = preSolution
		HideSolutionNode = FALSE
	EndGlobalSection
	GlobalSection(ExtensibilityGlobals) = postSolution
		SolutionGuid = {ACE48FDE-D721-4675-AABB-BBD131D70EE5}
	EndGlobalSection
EndGlobal
